// !$*UTF8*$!
{
	archiveVersion = 1;
	classes = {
	};
	objectVersion = 56;
	objects = {

/* Begin PBXBuildFile section */
		2DB6FC59E56A9327555488A8 /* Pods_ChatTester.framework in Frameworks */ = {isa = PBXBuildFile; fileRef = CA4B3A930A3CE0B1DE1F6F52 /* Pods_ChatTester.framework */; };
		846EA625299F918C00293840 /* AppDelegate.swift in Sources */ = {isa = PBXBuildFile; fileRef = 846EA624299F918C00293840 /* AppDelegate.swift */; };
		846EA627299F918C00293840 /* SceneDelegate.swift in Sources */ = {isa = PBXBuildFile; fileRef = 846EA626299F918C00293840 /* SceneDelegate.swift */; };
		846EA629299F918C00293840 /* ConversationViewController.swift in Sources */ = {isa = PBXBuildFile; fileRef = 846EA628299F918C00293840 /* ConversationViewController.swift */; };
		846EA62C299F918C00293840 /* Main.storyboard in Resources */ = {isa = PBXBuildFile; fileRef = 846EA62A299F918C00293840 /* Main.storyboard */; };
		846EA62F299F918C00293840 /* ChatTester.xcdatamodeld in Sources */ = {isa = PBXBuildFile; fileRef = 846EA62D299F918C00293840 /* ChatTester.xcdatamodeld */; };
		846EA631299F918E00293840 /* Assets.xcassets in Resources */ = {isa = PBXBuildFile; fileRef = 846EA630299F918E00293840 /* Assets.xcassets */; };
		846EA634299F918E00293840 /* LaunchScreen.storyboard in Resources */ = {isa = PBXBuildFile; fileRef = 846EA632299F918E00293840 /* LaunchScreen.storyboard */; };
		846EA642299F995200293840 /* LoginViewController.swift in Sources */ = {isa = PBXBuildFile; fileRef = 846EA641299F995200293840 /* LoginViewController.swift */; };
		846EA644299F997200293840 /* RegisterViewController.swift in Sources */ = {isa = PBXBuildFile; fileRef = 846EA643299F997200293840 /* RegisterViewController.swift */; };
		846EA646299F99A900293840 /* PhotoViewerViewController.swift in Sources */ = {isa = PBXBuildFile; fileRef = 846EA645299F99A900293840 /* PhotoViewerViewController.swift */; };
		846EA648299F99C100293840 /* VideoPlayerViewController.swift in Sources */ = {isa = PBXBuildFile; fileRef = 846EA647299F99C100293840 /* VideoPlayerViewController.swift */; };
		846EA64A299F9B0400293840 /* NewConversationViewController.swift in Sources */ = {isa = PBXBuildFile; fileRef = 846EA649299F9B0400293840 /* NewConversationViewController.swift */; };
		846EA64C299F9B3F00293840 /* ProfileViewController.swift in Sources */ = {isa = PBXBuildFile; fileRef = 846EA64B299F9B3F00293840 /* ProfileViewController.swift */; };
		846EA64F299FC57100293840 /* Extensions.swift in Sources */ = {isa = PBXBuildFile; fileRef = 846EA64E299FC57100293840 /* Extensions.swift */; };
		846EA65129A132A800293840 /* GoogleService-Info.plist in Resources */ = {isa = PBXBuildFile; fileRef = 846EA65029A132A700293840 /* GoogleService-Info.plist */; };
/* End PBXBuildFile section */

/* Begin PBXFileReference section */
		2291709D3B35683B9A2B881D /* Pods-ChatTester.debug.xcconfig */ = {isa = PBXFileReference; includeInIndex = 1; lastKnownFileType = text.xcconfig; name = "Pods-ChatTester.debug.xcconfig"; path = "Target Support Files/Pods-ChatTester/Pods-ChatTester.debug.xcconfig"; sourceTree = "<group>"; };
		846EA621299F918C00293840 /* ChatTester.app */ = {isa = PBXFileReference; explicitFileType = wrapper.application; includeInIndex = 0; path = ChatTester.app; sourceTree = BUILT_PRODUCTS_DIR; };
		846EA624299F918C00293840 /* AppDelegate.swift */ = {isa = PBXFileReference; lastKnownFileType = sourcecode.swift; path = AppDelegate.swift; sourceTree = "<group>"; };
		846EA626299F918C00293840 /* SceneDelegate.swift */ = {isa = PBXFileReference; lastKnownFileType = sourcecode.swift; path = SceneDelegate.swift; sourceTree = "<group>"; };
		846EA628299F918C00293840 /* ConversationViewController.swift */ = {isa = PBXFileReference; lastKnownFileType = sourcecode.swift; path = ConversationViewController.swift; sourceTree = "<group>"; };
		846EA62B299F918C00293840 /* Base */ = {isa = PBXFileReference; lastKnownFileType = file.storyboard; name = Base; path = Base.lproj/Main.storyboard; sourceTree = "<group>"; };
		846EA62E299F918C00293840 /* ChatTester.xcdatamodel */ = {isa = PBXFileReference; lastKnownFileType = wrapper.xcdatamodel; path = ChatTester.xcdatamodel; sourceTree = "<group>"; };
		846EA630299F918E00293840 /* Assets.xcassets */ = {isa = PBXFileReference; lastKnownFileType = folder.assetcatalog; path = Assets.xcassets; sourceTree = "<group>"; };
		846EA633299F918E00293840 /* Base */ = {isa = PBXFileReference; lastKnownFileType = file.storyboard; name = Base; path = Base.lproj/LaunchScreen.storyboard; sourceTree = "<group>"; };
		846EA635299F918E00293840 /* Info.plist */ = {isa = PBXFileReference; lastKnownFileType = text.plist.xml; path = Info.plist; sourceTree = "<group>"; };
		846EA641299F995200293840 /* LoginViewController.swift */ = {isa = PBXFileReference; lastKnownFileType = sourcecode.swift; path = LoginViewController.swift; sourceTree = "<group>"; };
		846EA643299F997200293840 /* RegisterViewController.swift */ = {isa = PBXFileReference; lastKnownFileType = sourcecode.swift; path = RegisterViewController.swift; sourceTree = "<group>"; };
		846EA645299F99A900293840 /* PhotoViewerViewController.swift */ = {isa = PBXFileReference; lastKnownFileType = sourcecode.swift; path = PhotoViewerViewController.swift; sourceTree = "<group>"; };
		846EA647299F99C100293840 /* VideoPlayerViewController.swift */ = {isa = PBXFileReference; lastKnownFileType = sourcecode.swift; path = VideoPlayerViewController.swift; sourceTree = "<group>"; };
		846EA649299F9B0400293840 /* NewConversationViewController.swift */ = {isa = PBXFileReference; lastKnownFileType = sourcecode.swift; path = NewConversationViewController.swift; sourceTree = "<group>"; };
		846EA64B299F9B3F00293840 /* ProfileViewController.swift */ = {isa = PBXFileReference; lastKnownFileType = sourcecode.swift; path = ProfileViewController.swift; sourceTree = "<group>"; };
		846EA64E299FC57100293840 /* Extensions.swift */ = {isa = PBXFileReference; lastKnownFileType = sourcecode.swift; path = Extensions.swift; sourceTree = "<group>"; };
		846EA65029A132A700293840 /* GoogleService-Info.plist */ = {isa = PBXFileReference; fileEncoding = 4; lastKnownFileType = text.plist.xml; path = "GoogleService-Info.plist"; sourceTree = "<group>"; };
		CA4B3A930A3CE0B1DE1F6F52 /* Pods_ChatTester.framework */ = {isa = PBXFileReference; explicitFileType = wrapper.framework; includeInIndex = 0; path = Pods_ChatTester.framework; sourceTree = BUILT_PRODUCTS_DIR; };
		DF53FE6A40268FC24C6786F2 /* Pods-ChatTester.release.xcconfig */ = {isa = PBXFileReference; includeInIndex = 1; lastKnownFileType = text.xcconfig; name = "Pods-ChatTester.release.xcconfig"; path = "Target Support Files/Pods-ChatTester/Pods-ChatTester.release.xcconfig"; sourceTree = "<group>"; };
/* End PBXFileReference section */

/* Begin PBXFrameworksBuildPhase section */
		846EA61E299F918C00293840 /* Frameworks */ = {
			isa = PBXFrameworksBuildPhase;
			buildActionMask = 2147483647;
			files = (
				2DB6FC59E56A9327555488A8 /* Pods_ChatTester.framework in Frameworks */,
			);
			runOnlyForDeploymentPostprocessing = 0;
		};
/* End PBXFrameworksBuildPhase section */

/* Begin PBXGroup section */
		846EA618299F918C00293840 = {
			isa = PBXGroup;
			children = (
				846EA623299F918C00293840 /* ChatTester */,
				846EA622299F918C00293840 /* Products */,
				C497FF3A49656E3B1BEDACC8 /* Pods */,
				A14EBCE74488729635F75C5B /* Frameworks */,
			);
			sourceTree = "<group>";
		};
		846EA622299F918C00293840 /* Products */ = {
			isa = PBXGroup;
			children = (
				846EA621299F918C00293840 /* ChatTester.app */,
			);
			name = Products;
			sourceTree = "<group>";
		};
		846EA623299F918C00293840 /* ChatTester */ = {
			isa = PBXGroup;
			children = (
				846EA65029A132A700293840 /* GoogleService-Info.plist */,
				846EA63F299F97AD00293840 /* Resources */,
				846EA63E299F979800293840 /* ViewModels */,
				846EA63D299F978200293840 /* Models */,
				846EA63C299F977600293840 /* Views */,
				846EA63B299F976600293840 /* Controllers */,
				846EA635299F918E00293840 /* Info.plist */,
				846EA62D299F918C00293840 /* ChatTester.xcdatamodeld */,
			);
			path = ChatTester;
			sourceTree = "<group>";
		};
		846EA63B299F976600293840 /* Controllers */ = {
			isa = PBXGroup;
			children = (
				846EA628299F918C00293840 /* ConversationViewController.swift */,
				846EA64D299FBC4500293840 /* Login */,
				846EA645299F99A900293840 /* PhotoViewerViewController.swift */,
				846EA647299F99C100293840 /* VideoPlayerViewController.swift */,
				846EA649299F9B0400293840 /* NewConversationViewController.swift */,
				846EA64B299F9B3F00293840 /* ProfileViewController.swift */,
			);
			path = Controllers;
			sourceTree = "<group>";
		};
		846EA63C299F977600293840 /* Views */ = {
			isa = PBXGroup;
			children = (
				846EA640299F980400293840 /* Storyboards */,
				846EA630299F918E00293840 /* Assets.xcassets */,
			);
			path = Views;
			sourceTree = "<group>";
		};
		846EA63D299F978200293840 /* Models */ = {
			isa = PBXGroup;
			children = (
			);
			path = Models;
			sourceTree = "<group>";
		};
		846EA63E299F979800293840 /* ViewModels */ = {
			isa = PBXGroup;
			children = (
			);
			path = ViewModels;
			sourceTree = "<group>";
		};
		846EA63F299F97AD00293840 /* Resources */ = {
			isa = PBXGroup;
			children = (
				846EA626299F918C00293840 /* SceneDelegate.swift */,
				846EA624299F918C00293840 /* AppDelegate.swift */,
				846EA64E299FC57100293840 /* Extensions.swift */,
			);
			path = Resources;
			sourceTree = "<group>";
		};
		846EA640299F980400293840 /* Storyboards */ = {
			isa = PBXGroup;
			children = (
				846EA632299F918E00293840 /* LaunchScreen.storyboard */,
				846EA62A299F918C00293840 /* Main.storyboard */,
			);
			path = Storyboards;
			sourceTree = "<group>";
		};
		846EA64D299FBC4500293840 /* Login */ = {
			isa = PBXGroup;
			children = (
				846EA641299F995200293840 /* LoginViewController.swift */,
				846EA643299F997200293840 /* RegisterViewController.swift */,
			);
			path = Login;
			sourceTree = "<group>";
		};
		A14EBCE74488729635F75C5B /* Frameworks */ = {
			isa = PBXGroup;
			children = (
				CA4B3A930A3CE0B1DE1F6F52 /* Pods_ChatTester.framework */,
			);
			name = Frameworks;
			sourceTree = "<group>";
		};
		C497FF3A49656E3B1BEDACC8 /* Pods */ = {
			isa = PBXGroup;
			children = (
				2291709D3B35683B9A2B881D /* Pods-ChatTester.debug.xcconfig */,
				DF53FE6A40268FC24C6786F2 /* Pods-ChatTester.release.xcconfig */,
			);
			path = Pods;
			sourceTree = "<group>";
		};
/* End PBXGroup section */

/* Begin PBXNativeTarget section */
		846EA620299F918C00293840 /* ChatTester */ = {
			isa = PBXNativeTarget;
			buildConfigurationList = 846EA638299F918E00293840 /* Build configuration list for PBXNativeTarget "ChatTester" */;
			buildPhases = (
				F3D1D12AA23E014CEECCE071 /* [CP] Check Pods Manifest.lock */,
				846EA61D299F918C00293840 /* Sources */,
				846EA61E299F918C00293840 /* Frameworks */,
				846EA61F299F918C00293840 /* Resources */,
				783EF94CD0C97D3A0F9B4B47 /* [CP] Embed Pods Frameworks */,
			);
			buildRules = (
			);
			dependencies = (
			);
			name = ChatTester;
			productName = ChatTester;
			productReference = 846EA621299F918C00293840 /* ChatTester.app */;
			productType = "com.apple.product-type.application";
		};
/* End PBXNativeTarget section */

/* Begin PBXProject section */
		846EA619299F918C00293840 /* Project object */ = {
			isa = PBXProject;
			attributes = {
				BuildIndependentTargetsInParallel = 1;
				LastSwiftUpdateCheck = 1420;
				LastUpgradeCheck = 1420;
				TargetAttributes = {
					846EA620299F918C00293840 = {
						CreatedOnToolsVersion = 14.2;
					};
				};
			};
			buildConfigurationList = 846EA61C299F918C00293840 /* Build configuration list for PBXProject "ChatTester" */;
			compatibilityVersion = "Xcode 14.0";
			developmentRegion = en;
			hasScannedForEncodings = 0;
			knownRegions = (
				en,
				Base,
			);
			mainGroup = 846EA618299F918C00293840;
			productRefGroup = 846EA622299F918C00293840 /* Products */;
			projectDirPath = "";
			projectRoot = "";
			targets = (
				846EA620299F918C00293840 /* ChatTester */,
			);
		};
/* End PBXProject section */

/* Begin PBXResourcesBuildPhase section */
		846EA61F299F918C00293840 /* Resources */ = {
			isa = PBXResourcesBuildPhase;
			buildActionMask = 2147483647;
			files = (
				846EA634299F918E00293840 /* LaunchScreen.storyboard in Resources */,
				846EA65129A132A800293840 /* GoogleService-Info.plist in Resources */,
				846EA631299F918E00293840 /* Assets.xcassets in Resources */,
				846EA62C299F918C00293840 /* Main.storyboard in Resources */,
			);
			runOnlyForDeploymentPostprocessing = 0;
		};
/* End PBXResourcesBuildPhase section */

/* Begin PBXShellScriptBuildPhase section */
		783EF94CD0C97D3A0F9B4B47 /* [CP] Embed Pods Frameworks */ = {
			isa = PBXShellScriptBuildPhase;
			buildActionMask = 2147483647;
			files = (
			);
			inputFileListPaths = (
				"${PODS_ROOT}/Target Support Files/Pods-ChatTester/Pods-ChatTester-frameworks-${CONFIGURATION}-input-files.xcfilelist",
			);
			name = "[CP] Embed Pods Frameworks";
			outputFileListPaths = (
				"${PODS_ROOT}/Target Support Files/Pods-ChatTester/Pods-ChatTester-frameworks-${CONFIGURATION}-output-files.xcfilelist",
			);
			runOnlyForDeploymentPostprocessing = 0;
			shellPath = /bin/sh;
			shellScript = "\"${PODS_ROOT}/Target Support Files/Pods-ChatTester/Pods-ChatTester-frameworks.sh\"\n";
			showEnvVarsInLog = 0;
		};
		F3D1D12AA23E014CEECCE071 /* [CP] Check Pods Manifest.lock */ = {
			isa = PBXShellScriptBuildPhase;
			buildActionMask = 2147483647;
			files = (
			);
			inputFileListPaths = (
			);
			inputPaths = (
				"${PODS_PODFILE_DIR_PATH}/Podfile.lock",
				"${PODS_ROOT}/Manifest.lock",
			);
			name = "[CP] Check Pods Manifest.lock";
			outputFileListPaths = (
			);
			outputPaths = (
				"$(DERIVED_FILE_DIR)/Pods-ChatTester-checkManifestLockResult.txt",
			);
			runOnlyForDeploymentPostprocessing = 0;
			shellPath = /bin/sh;
			shellScript = "diff \"${PODS_PODFILE_DIR_PATH}/Podfile.lock\" \"${PODS_ROOT}/Manifest.lock\" > /dev/null\nif [ $? != 0 ] ; then\n    # print error to STDERR\n    echo \"error: The sandbox is not in sync with the Podfile.lock. Run 'pod install' or update your CocoaPods installation.\" >&2\n    exit 1\nfi\n# This output is used by Xcode 'outputs' to avoid re-running this script phase.\necho \"SUCCESS\" > \"${SCRIPT_OUTPUT_FILE_0}\"\n";
			showEnvVarsInLog = 0;
		};
/* End PBXShellScriptBuildPhase section */

/* Begin PBXSourcesBuildPhase section */
		846EA61D299F918C00293840 /* Sources */ = {
			isa = PBXSourcesBuildPhase;
			buildActionMask = 2147483647;
			files = (
				846EA629299F918C00293840 /* ConversationViewController.swift in Sources */,
				846EA625299F918C00293840 /* AppDelegate.swift in Sources */,
				846EA64C299F9B3F00293840 /* ProfileViewController.swift in Sources */,
				846EA62F299F918C00293840 /* ChatTester.xcdatamodeld in Sources */,
				846EA646299F99A900293840 /* PhotoViewerViewController.swift in Sources */,
				846EA644299F997200293840 /* RegisterViewController.swift in Sources */,
				846EA648299F99C100293840 /* VideoPlayerViewController.swift in Sources */,
				846EA64A299F9B0400293840 /* NewConversationViewController.swift in Sources */,
				846EA642299F995200293840 /* LoginViewController.swift in Sources */,
				846EA64F299FC57100293840 /* Extensions.swift in Sources */,
				846EA627299F918C00293840 /* SceneDelegate.swift in Sources */,
			);
			runOnlyForDeploymentPostprocessing = 0;
		};
/* End PBXSourcesBuildPhase section */

/* Begin PBXVariantGroup section */
		846EA62A299F918C00293840 /* Main.storyboard */ = {
			isa = PBXVariantGroup;
			children = (
				846EA62B299F918C00293840 /* Base */,
			);
			name = Main.storyboard;
			sourceTree = "<group>";
		};
		846EA632299F918E00293840 /* LaunchScreen.storyboard */ = {
			isa = PBXVariantGroup;
			children = (
				846EA633299F918E00293840 /* Base */,
			);
			name = LaunchScreen.storyboard;
			sourceTree = "<group>";
		};
/* End PBXVariantGroup section */

/* Begin XCBuildConfiguration section */
		846EA636299F918E00293840 /* Debug */ = {
			isa = XCBuildConfiguration;
			buildSettings = {
				ALWAYS_SEARCH_USER_PATHS = NO;
				CLANG_ANALYZER_NONNULL = YES;
				CLANG_ANALYZER_NUMBER_OBJECT_CONVERSION = YES_AGGRESSIVE;
				CLANG_CXX_LANGUAGE_STANDARD = "gnu++20";
				CLANG_ENABLE_MODULES = YES;
				CLANG_ENABLE_OBJC_ARC = YES;
				CLANG_ENABLE_OBJC_WEAK = YES;
				CLANG_WARN_BLOCK_CAPTURE_AUTORELEASING = YES;
				CLANG_WARN_BOOL_CONVERSION = YES;
				CLANG_WARN_COMMA = YES;
				CLANG_WARN_CONSTANT_CONVERSION = YES;
				CLANG_WARN_DEPRECATED_OBJC_IMPLEMENTATIONS = YES;
				CLANG_WARN_DIRECT_OBJC_ISA_USAGE = YES_ERROR;
				CLANG_WARN_DOCUMENTATION_COMMENTS = YES;
				CLANG_WARN_EMPTY_BODY = YES;
				CLANG_WARN_ENUM_CONVERSION = YES;
				CLANG_WARN_INFINITE_RECURSION = YES;
				CLANG_WARN_INT_CONVERSION = YES;
				CLANG_WARN_NON_LITERAL_NULL_CONVERSION = YES;
				CLANG_WARN_OBJC_IMPLICIT_RETAIN_SELF = YES;
				CLANG_WARN_OBJC_LITERAL_CONVERSION = YES;
				CLANG_WARN_OBJC_ROOT_CLASS = YES_ERROR;
				CLANG_WARN_QUOTED_INCLUDE_IN_FRAMEWORK_HEADER = YES;
				CLANG_WARN_RANGE_LOOP_ANALYSIS = YES;
				CLANG_WARN_STRICT_PROTOTYPES = YES;
				CLANG_WARN_SUSPICIOUS_MOVE = YES;
				CLANG_WARN_UNGUARDED_AVAILABILITY = YES_AGGRESSIVE;
				CLANG_WARN_UNREACHABLE_CODE = YES;
				CLANG_WARN__DUPLICATE_METHOD_MATCH = YES;
				COPY_PHASE_STRIP = NO;
				DEBUG_INFORMATION_FORMAT = dwarf;
				ENABLE_STRICT_OBJC_MSGSEND = YES;
				ENABLE_TESTABILITY = YES;
				GCC_C_LANGUAGE_STANDARD = gnu11;
				GCC_DYNAMIC_NO_PIC = NO;
				GCC_NO_COMMON_BLOCKS = YES;
				GCC_OPTIMIZATION_LEVEL = 0;
				GCC_PREPROCESSOR_DEFINITIONS = (
					"DEBUG=1",
					"$(inherited)",
				);
				GCC_WARN_64_TO_32_BIT_CONVERSION = YES;
				GCC_WARN_ABOUT_RETURN_TYPE = YES_ERROR;
				GCC_WARN_UNDECLARED_SELECTOR = YES;
				GCC_WARN_UNINITIALIZED_AUTOS = YES_AGGRESSIVE;
				GCC_WARN_UNUSED_FUNCTION = YES;
				GCC_WARN_UNUSED_VARIABLE = YES;
				IPHONEOS_DEPLOYMENT_TARGET = 16.2;
				MTL_ENABLE_DEBUG_INFO = INCLUDE_SOURCE;
				MTL_FAST_MATH = YES;
				ONLY_ACTIVE_ARCH = YES;
				SDKROOT = iphoneos;
				SWIFT_ACTIVE_COMPILATION_CONDITIONS = DEBUG;
				SWIFT_OPTIMIZATION_LEVEL = "-Onone";
			};
			name = Debug;
		};
		846EA637299F918E00293840 /* Release */ = {
			isa = XCBuildConfiguration;
			buildSettings = {
				ALWAYS_SEARCH_USER_PATHS = NO;
				CLANG_ANALYZER_NONNULL = YES;
				CLANG_ANALYZER_NUMBER_OBJECT_CONVERSION = YES_AGGRESSIVE;
				CLANG_CXX_LANGUAGE_STANDARD = "gnu++20";
				CLANG_ENABLE_MODULES = YES;
				CLANG_ENABLE_OBJC_ARC = YES;
				CLANG_ENABLE_OBJC_WEAK = YES;
				CLANG_WARN_BLOCK_CAPTURE_AUTORELEASING = YES;
				CLANG_WARN_BOOL_CONVERSION = YES;
				CLANG_WARN_COMMA = YES;
				CLANG_WARN_CONSTANT_CONVERSION = YES;
				CLANG_WARN_DEPRECATED_OBJC_IMPLEMENTATIONS = YES;
				CLANG_WARN_DIRECT_OBJC_ISA_USAGE = YES_ERROR;
				CLANG_WARN_DOCUMENTATION_COMMENTS = YES;
				CLANG_WARN_EMPTY_BODY = YES;
				CLANG_WARN_ENUM_CONVERSION = YES;
				CLANG_WARN_INFINITE_RECURSION = YES;
				CLANG_WARN_INT_CONVERSION = YES;
				CLANG_WARN_NON_LITERAL_NULL_CONVERSION = YES;
				CLANG_WARN_OBJC_IMPLICIT_RETAIN_SELF = YES;
				CLANG_WARN_OBJC_LITERAL_CONVERSION = YES;
				CLANG_WARN_OBJC_ROOT_CLASS = YES_ERROR;
				CLANG_WARN_QUOTED_INCLUDE_IN_FRAMEWORK_HEADER = YES;
				CLANG_WARN_RANGE_LOOP_ANALYSIS = YES;
				CLANG_WARN_STRICT_PROTOTYPES = YES;
				CLANG_WARN_SUSPICIOUS_MOVE = YES;
				CLANG_WARN_UNGUARDED_AVAILABILITY = YES_AGGRESSIVE;
				CLANG_WARN_UNREACHABLE_CODE = YES;
				CLANG_WARN__DUPLICATE_METHOD_MATCH = YES;
				COPY_PHASE_STRIP = NO;
				DEBUG_INFORMATION_FORMAT = "dwarf-with-dsym";
				ENABLE_NS_ASSERTIONS = NO;
				ENABLE_STRICT_OBJC_MSGSEND = YES;
				GCC_C_LANGUAGE_STANDARD = gnu11;
				GCC_NO_COMMON_BLOCKS = YES;
				GCC_WARN_64_TO_32_BIT_CONVERSION = YES;
				GCC_WARN_ABOUT_RETURN_TYPE = YES_ERROR;
				GCC_WARN_UNDECLARED_SELECTOR = YES;
				GCC_WARN_UNINITIALIZED_AUTOS = YES_AGGRESSIVE;
				GCC_WARN_UNUSED_FUNCTION = YES;
				GCC_WARN_UNUSED_VARIABLE = YES;
				IPHONEOS_DEPLOYMENT_TARGET = 16.2;
				MTL_ENABLE_DEBUG_INFO = NO;
				MTL_FAST_MATH = YES;
				SDKROOT = iphoneos;
				SWIFT_COMPILATION_MODE = wholemodule;
				SWIFT_OPTIMIZATION_LEVEL = "-O";
				VALIDATE_PRODUCT = YES;
			};
			name = Release;
		};
		846EA639299F918E00293840 /* Debug */ = {
			isa = XCBuildConfiguration;
			baseConfigurationReference = 2291709D3B35683B9A2B881D /* Pods-ChatTester.debug.xcconfig */;
			buildSettings = {
				ASSETCATALOG_COMPILER_APPICON_NAME = AppIcon;
				ASSETCATALOG_COMPILER_GLOBAL_ACCENT_COLOR_NAME = AccentColor;
				CODE_SIGN_STYLE = Automatic;
				CURRENT_PROJECT_VERSION = 1;
				DEVELOPMENT_TEAM = 3R4JNXS3X7;
				GENERATE_INFOPLIST_FILE = YES;
				INFOPLIST_FILE = ChatTester/Info.plist;
				INFOPLIST_KEY_CFBundleDisplayName = "O-Chat";
				INFOPLIST_KEY_UIApplicationSupportsIndirectInputEvents = YES;
				INFOPLIST_KEY_UILaunchStoryboardName = LaunchScreen;
				INFOPLIST_KEY_UIMainStoryboardFile = Main;
				INFOPLIST_KEY_UISupportedInterfaceOrientations = UIInterfaceOrientationPortrait;
				IPHONEOS_DEPLOYMENT_TARGET = 14.1;
				LD_RUNPATH_SEARCH_PATHS = (
					"$(inherited)",
					"@executable_path/Frameworks",
				);
				MARKETING_VERSION = 1.0;
				PRODUCT_BUNDLE_IDENTIFIER = Toshee.ChatTester;
				PRODUCT_NAME = "$(TARGET_NAME)";
				SWIFT_EMIT_LOC_STRINGS = YES;
				SWIFT_VERSION = 5.0;
				TARGETED_DEVICE_FAMILY = "1,2";
			};
			name = Debug;
		};
		846EA63A299F918E00293840 /* Release */ = {
			isa = XCBuildConfiguration;
			baseConfigurationReference = DF53FE6A40268FC24C6786F2 /* Pods-ChatTester.release.xcconfig */;
			buildSettings = {
				ASSETCATALOG_COMPILER_APPICON_NAME = AppIcon;
				ASSETCATALOG_COMPILER_GLOBAL_ACCENT_COLOR_NAME = AccentColor;
				CODE_SIGN_STYLE = Automatic;
				CURRENT_PROJECT_VERSION = 1;
				DEVELOPMENT_TEAM = 3R4JNXS3X7;
				GENERATE_INFOPLIST_FILE = YES;
				INFOPLIST_FILE = ChatTester/Info.plist;
				INFOPLIST_KEY_CFBundleDisplayName = "O-Chat";
				INFOPLIST_KEY_UIApplicationSupportsIndirectInputEvents = YES;
				INFOPLIST_KEY_UILaunchStoryboardName = LaunchScreen;
				INFOPLIST_KEY_UIMainStoryboardFile = Main;
				INFOPLIST_KEY_UISupportedInterfaceOrientations = UIInterfaceOrientationPortrait;
				IPHONEOS_DEPLOYMENT_TARGET = 14.1;
				LD_RUNPATH_SEARCH_PATHS = (
					"$(inherited)",
					"@executable_path/Frameworks",
				);
				MARKETING_VERSION = 1.0;
				PRODUCT_BUNDLE_IDENTIFIER = Toshee.ChatTester;
				PRODUCT_NAME = "$(TARGET_NAME)";
				SWIFT_EMIT_LOC_STRINGS = YES;
				SWIFT_VERSION = 5.0;
				TARGETED_DEVICE_FAMILY = "1,2";
			};
			name = Release;
		};
/* End XCBuildConfiguration section */

/* Begin XCConfigurationList section */
		846EA61C299F918C00293840 /* Build configuration list for PBXProject "ChatTester" */ = {
			isa = XCConfigurationList;
			buildConfigurations = (
				846EA636299F918E00293840 /* Debug */,
				846EA637299F918E00293840 /* Release */,
			);
			defaultConfigurationIsVisible = 0;
			defaultConfigurationName = Release;
		};
		846EA638299F918E00293840 /* Build configuration list for PBXNativeTarget "ChatTester" */ = {
			isa = XCConfigurationList;
			buildConfigurations = (
				846EA639299F918E00293840 /* Debug */,
				846EA63A299F918E00293840 /* Release */,
			);
			defaultConfigurationIsVisible = 0;
			defaultConfigurationName = Release;
		};
/* End XCConfigurationList section */

/* Begin XCVersionGroup section */
		846EA62D299F918C00293840 /* ChatTester.xcdatamodeld */ = {
			isa = XCVersionGroup;
			children = (
				846EA62E299F918C00293840 /* ChatTester.xcdatamodel */,
			);
			currentVersion = 846EA62E299F918C00293840 /* ChatTester.xcdatamodel */;
			path = ChatTester.xcdatamodeld;
			sourceTree = "<group>";
			versionGroupType = wrapper.xcdatamodel;
		};
/* End XCVersionGroup section */
	};
	rootObject = 846EA619299F918C00293840 /* Project object */;
}
